{
  "name": "feuerwehr-einsatz_noe",
  "lockfileVersion": 3,
  "requires": true,
  "packages": {
    "": {
      "dependencies": {
        "fs": "^0.0.1-security",
        "httpclient": "^0.1.0",
        "https": "^1.0.0"
      }
    },
    "node_modules/es6-promise": {
      "version": "3.3.1",
      "resolved": "https://registry.npmjs.org/es6-promise/-/es6-promise-3.3.1.tgz",
      "integrity": "sha512-SOp9Phqvqn7jtEUxPWdWfWoLmyt2VaJ6MpvP9Comy1MceMXqE6bxvaTu4iaxpYYPzhny28Lc+M87/c2cPK6lDg==",
      "optional": true
    },
    "node_modules/fs": {
      "version": "0.0.1-security",
      "resolved": "https://registry.npmjs.org/fs/-/fs-0.0.1-security.tgz",
      "integrity": "sha512-3XY9e1pP0CVEUCdj5BmfIZxRBTSDycnbqhIOGec9QYtmVH2fbLpj86CFWkrNOkt/Fvty4KZG5lTglL9j/gJ87w=="
    },
    "node_modules/httpclient": {
      "version": "0.1.0",
      "resolved": "https://registry.npmjs.org/httpclient/-/httpclient-0.1.0.tgz",
      "integrity": "sha512-zgkNySLehnmkZz5BUm9P4eteO4FFuAdKksHkmZ4Gu1VbDhkkmsXXJC0jyvDXPzQG3lOGAfUP2ySGRRi7sZl+XQ==",
      "deprecated": "Use standard fetch API instead",
      "optionalDependencies": {
        "es6-promise": "^3.1.2"
      }
    },
    "node_modules/https": {
      "version": "1.0.0",
      "resolved": "https://registry.npmjs.org/https/-/https-1.0.0.tgz",
      "integrity": "sha512-4EC57ddXrkaF0x83Oj8sM6SLQHAWXw90Skqu2M4AEWENZ3F02dFJE/GARA8igO79tcgYqGrD7ae4f5L3um2lgg=="
    }
  }
}
